
Microsoft Visual Studio Solution File, Format Version 12.00
# Visual Studio Version 16
VisualStudioVersion = 16.0.31515.178
MinimumVisualStudioVersion = 10.0.40219.1
Project("{FAE04EC0-301F-11D3-BF4B-00C04F79EFBC}") = "Phase_three_project_final", "Phase_three_project_final.csproj", "{F5AAC17D-0844-461A-8537-FB0DD49CEC84}"
EndProject
Global
	GlobalSection(SolutionConfigurationPlatforms) = preSolution
		Debug|Any CPU = Debug|Any CPU
		Release|Any CPU = Release|Any CPU
	EndGlobalSection
	GlobalSection(ProjectConfigurationPlatforms) = postSolution
		{F5AAC17D-0844-461A-8537-FB0DD49CEC84}.Debug|Any CPU.ActiveCfg = Debug|Any CPU
		{F5AAC17D-0844-461A-8537-FB0DD49CEC84}.Debug|Any CPU.Build.0 = Debug|Any CPU
		{F5AAC17D-0844-461A-8537-FB0DD49CEC84}.Release|Any CPU.ActiveCfg = Release|Any CPU
		{F5AAC17D-0844-461A-8537-FB0DD49CEC84}.Release|Any CPU.Build.0 = Release|Any CPU
	EndGlobalSection
	GlobalSection(SolutionProperties) = preSolution
		HideSolutionNode = FALSE
	EndGlobalSection
	GlobalSection(ExtensibilityGlobals) = postSolution
		SolutionGuid = {0B602F5E-29BD-4509-B72A-3C57631658A9}
	EndGlobalSection
EndGlobal
